
Microsoft Visual Studio Solution File, Format Version 12.00
# Visual Studio Version 16
VisualStudioVersion = 16.0.30517.126
MinimumVisualStudioVersion = 10.0.40219.1
Project("{8BC9CEB8-8B4A-11D0-8D11-00A0C91BC942}") = "АИСД_1", "АИСД_1\АИСД_1.vcxproj", "{DCB5C473-A853-4A3B-AC4C-3E3282ABAD0C}"
EndProject
Project("{8BC9CEB8-8B4A-11D0-8D11-00A0C91BC942}") = "Test1", "Test1\Test1.vcxproj", "{5FECAC64-5138-4E9A-866F-331F5ECF0840}"
EndProject
Global
	GlobalSection(SolutionConfigurationPlatforms) = preSolution
		Debug|x64 = Debug|x64
		Debug|x86 = Debug|x86
		Release|x64 = Release|x64
		Release|x86 = Release|x86
	EndGlobalSection
	GlobalSection(ProjectConfigurationPlatforms) = postSolution
		{DCB5C473-A853-4A3B-AC4C-3E3282ABAD0C}.Debug|x64.ActiveCfg = Debug|x64
		{DCB5C473-A853-4A3B-AC4C-3E3282ABAD0C}.Debug|x64.Build.0 = Debug|x64
		{DCB5C473-A853-4A3B-AC4C-3E3282ABAD0C}.Debug|x86.ActiveCfg = Debug|Win32
		{DCB5C473-A853-4A3B-AC4C-3E3282ABAD0C}.Debug|x86.Build.0 = Debug|Win32
		{DCB5C473-A853-4A3B-AC4C-3E3282ABAD0C}.Release|x64.ActiveCfg = Release|x64
		{DCB5C473-A853-4A3B-AC4C-3E3282ABAD0C}.Release|x64.Build.0 = Release|x64
		{DCB5C473-A853-4A3B-AC4C-3E3282ABAD0C}.Release|x86.ActiveCfg = Release|Win32
		{DCB5C473-A853-4A3B-AC4C-3E3282ABAD0C}.Release|x86.Build.0 = Release|Win32
		{5FECAC64-5138-4E9A-866F-331F5ECF0840}.Debug|x64.ActiveCfg = Debug|x64
		{5FECAC64-5138-4E9A-866F-331F5ECF0840}.Debug|x64.Build.0 = Debug|x64
		{5FECAC64-5138-4E9A-866F-331F5ECF0840}.Debug|x86.ActiveCfg = Debug|Win32
		{5FECAC64-5138-4E9A-866F-331F5ECF0840}.Debug|x86.Build.0 = Debug|Win32
		{5FECAC64-5138-4E9A-866F-331F5ECF0840}.Release|x64.ActiveCfg = Release|x64
		{5FECAC64-5138-4E9A-866F-331F5ECF0840}.Release|x64.Build.0 = Release|x64
		{5FECAC64-5138-4E9A-866F-331F5ECF0840}.Release|x86.ActiveCfg = Release|Win32
		{5FECAC64-5138-4E9A-866F-331F5ECF0840}.Release|x86.Build.0 = Release|Win32
	EndGlobalSection
	GlobalSection(SolutionProperties) = preSolution
		HideSolutionNode = FALSE
	EndGlobalSection
	GlobalSection(ExtensibilityGlobals) = postSolution
		SolutionGuid = {5347C9D4-3BE9-499C-88DD-A77F7FACDB34}
	EndGlobalSection
EndGlobal
